// !$*UTF8*$!
{
	archiveVersion = 1;
	classes = {
	};
	objectVersion = 56;
	objects = {

/* Begin PBXBuildFile section */
		72C622982B9AFB6300D31163 /* AppDelegate.swift in Sources */ = {isa = PBXBuildFile; fileRef = 72C622972B9AFB6300D31163 /* AppDelegate.swift */; };
		72C6229A2B9AFB6300D31163 /* SceneDelegate.swift in Sources */ = {isa = PBXBuildFile; fileRef = 72C622992B9AFB6300D31163 /* SceneDelegate.swift */; };
		72C6229C2B9AFB6300D31163 /* WelcomeViewController.swift in Sources */ = {isa = PBXBuildFile; fileRef = 72C6229B2B9AFB6300D31163 /* WelcomeViewController.swift */; };
		72C622A12B9AFB6A00D31163 /* Assets.xcassets in Resources */ = {isa = PBXBuildFile; fileRef = 72C622A02B9AFB6A00D31163 /* Assets.xcassets */; };
		72C622A42B9AFB6A00D31163 /* LaunchScreen.storyboard in Resources */ = {isa = PBXBuildFile; fileRef = 72C622A22B9AFB6A00D31163 /* LaunchScreen.storyboard */; };
		72C622B02B9AFCB600D31163 /* Color.swift in Sources */ = {isa = PBXBuildFile; fileRef = 72C622AF2B9AFCB600D31163 /* Color.swift */; };
		72C622B22B9AFCD700D31163 /* Fonts.swift in Sources */ = {isa = PBXBuildFile; fileRef = 72C622B12B9AFCD700D31163 /* Fonts.swift */; };
		72C622B62B9AFD3700D31163 /* Poppins-SemiBold.ttf in Resources */ = {isa = PBXBuildFile; fileRef = 72C622B42B9AFD3700D31163 /* Poppins-SemiBold.ttf */; };
		72C622B72B9AFD3700D31163 /* Poppins-Regular.ttf in Resources */ = {isa = PBXBuildFile; fileRef = 72C622B52B9AFD3700D31163 /* Poppins-Regular.ttf */; };
		72C622B92B9AFD4000D31163 /* Poppins-ExtraLight.ttf in Resources */ = {isa = PBXBuildFile; fileRef = 72C622B82B9AFD4000D31163 /* Poppins-ExtraLight.ttf */; };
		72C622BC2B9AFE2800D31163 /* MakerView.swift in Sources */ = {isa = PBXBuildFile; fileRef = 72C622BB2B9AFE2700D31163 /* MakerView.swift */; };
		72C622BE2B9B03C800D31163 /* LogInViewController.swift in Sources */ = {isa = PBXBuildFile; fileRef = 72C622BD2B9B03C800D31163 /* LogInViewController.swift */; };
		72C622C02B9B03DF00D31163 /* SignUpViewController.swift in Sources */ = {isa = PBXBuildFile; fileRef = 72C622BF2B9B03DF00D31163 /* SignUpViewController.swift */; };
		72C622C22B9B12ED00D31163 /* MenuViewController.swift in Sources */ = {isa = PBXBuildFile; fileRef = 72C622C12B9B12ED00D31163 /* MenuViewController.swift */; };
		72C622C52B9B15AA00D31163 /* VerticalCollectionViewCell.swift in Sources */ = {isa = PBXBuildFile; fileRef = 72C622C42B9B15AA00D31163 /* VerticalCollectionViewCell.swift */; };
		72C622C82B9B16BC00D31163 /* Model.swift in Sources */ = {isa = PBXBuildFile; fileRef = 72C622C72B9B16BC00D31163 /* Model.swift */; };
		72C622CB2B9B290000D31163 /* ValidateProtocol.swift in Sources */ = {isa = PBXBuildFile; fileRef = 72C622CA2B9B290000D31163 /* ValidateProtocol.swift */; };
/* End PBXBuildFile section */

/* Begin PBXFileReference section */
		72C622942B9AFB6300D31163 /* 4hw8.app */ = {isa = PBXFileReference; explicitFileType = wrapper.application; includeInIndex = 0; path = 4hw8.app; sourceTree = BUILT_PRODUCTS_DIR; };
		72C622972B9AFB6300D31163 /* AppDelegate.swift */ = {isa = PBXFileReference; lastKnownFileType = sourcecode.swift; path = AppDelegate.swift; sourceTree = "<group>"; };
		72C622992B9AFB6300D31163 /* SceneDelegate.swift */ = {isa = PBXFileReference; lastKnownFileType = sourcecode.swift; path = SceneDelegate.swift; sourceTree = "<group>"; };
		72C6229B2B9AFB6300D31163 /* WelcomeViewController.swift */ = {isa = PBXFileReference; lastKnownFileType = sourcecode.swift; path = WelcomeViewController.swift; sourceTree = "<group>"; };
		72C622A02B9AFB6A00D31163 /* Assets.xcassets */ = {isa = PBXFileReference; lastKnownFileType = folder.assetcatalog; path = Assets.xcassets; sourceTree = "<group>"; };
		72C622A32B9AFB6A00D31163 /* Base */ = {isa = PBXFileReference; lastKnownFileType = file.storyboard; name = Base; path = Base.lproj/LaunchScreen.storyboard; sourceTree = "<group>"; };
		72C622A52B9AFB6A00D31163 /* Info.plist */ = {isa = PBXFileReference; lastKnownFileType = text.plist.xml; path = Info.plist; sourceTree = "<group>"; };
		72C622AF2B9AFCB600D31163 /* Color.swift */ = {isa = PBXFileReference; lastKnownFileType = sourcecode.swift; path = Color.swift; sourceTree = "<group>"; };
		72C622B12B9AFCD700D31163 /* Fonts.swift */ = {isa = PBXFileReference; lastKnownFileType = sourcecode.swift; path = Fonts.swift; sourceTree = "<group>"; };
		72C622B42B9AFD3700D31163 /* Poppins-SemiBold.ttf */ = {isa = PBXFileReference; lastKnownFileType = file; name = "Poppins-SemiBold.ttf"; path = "../../../../resources/fonts/Poppins 2/Poppins-SemiBold.ttf"; sourceTree = "<group>"; };
		72C622B52B9AFD3700D31163 /* Poppins-Regular.ttf */ = {isa = PBXFileReference; lastKnownFileType = file; name = "Poppins-Regular.ttf"; path = "../../../../resources/fonts/Poppins 2/Poppins-Regular.ttf"; sourceTree = "<group>"; };
		72C622B82B9AFD4000D31163 /* Poppins-ExtraLight.ttf */ = {isa = PBXFileReference; lastKnownFileType = file; name = "Poppins-ExtraLight.ttf"; path = "../../../../resources/fonts/Poppins 2/Poppins-ExtraLight.ttf"; sourceTree = "<group>"; };
		72C622BB2B9AFE2700D31163 /* MakerView.swift */ = {isa = PBXFileReference; lastKnownFileType = sourcecode.swift; path = MakerView.swift; sourceTree = "<group>"; };
		72C622BD2B9B03C800D31163 /* LogInViewController.swift */ = {isa = PBXFileReference; lastKnownFileType = sourcecode.swift; path = LogInViewController.swift; sourceTree = "<group>"; };
		72C622BF2B9B03DF00D31163 /* SignUpViewController.swift */ = {isa = PBXFileReference; lastKnownFileType = sourcecode.swift; path = SignUpViewController.swift; sourceTree = "<group>"; };
		72C622C12B9B12ED00D31163 /* MenuViewController.swift */ = {isa = PBXFileReference; lastKnownFileType = sourcecode.swift; path = MenuViewController.swift; sourceTree = "<group>"; };
		72C622C42B9B15AA00D31163 /* VerticalCollectionViewCell.swift */ = {isa = PBXFileReference; lastKnownFileType = sourcecode.swift; path = VerticalCollectionViewCell.swift; sourceTree = "<group>"; };
		72C622C72B9B16BC00D31163 /* Model.swift */ = {isa = PBXFileReference; lastKnownFileType = sourcecode.swift; path = Model.swift; sourceTree = "<group>"; };
		72C622CA2B9B290000D31163 /* ValidateProtocol.swift */ = {isa = PBXFileReference; lastKnownFileType = sourcecode.swift; path = ValidateProtocol.swift; sourceTree = "<group>"; };
/* End PBXFileReference section */

/* Begin PBXFrameworksBuildPhase section */
		72C622912B9AFB6300D31163 /* Frameworks */ = {
			isa = PBXFrameworksBuildPhase;
			buildActionMask = 2147483647;
			files = (
			);
			runOnlyForDeploymentPostprocessing = 0;
		};
/* End PBXFrameworksBuildPhase section */

/* Begin PBXGroup section */
		72C6228B2B9AFB6300D31163 = {
			isa = PBXGroup;
			children = (
				72C622962B9AFB6300D31163 /* 4hw8 */,
				72C622952B9AFB6300D31163 /* Products */,
			);
			sourceTree = "<group>";
		};
		72C622952B9AFB6300D31163 /* Products */ = {
			isa = PBXGroup;
			children = (
				72C622942B9AFB6300D31163 /* 4hw8.app */,
			);
			name = Products;
			sourceTree = "<group>";
		};
		72C622962B9AFB6300D31163 /* 4hw8 */ = {
			isa = PBXGroup;
			children = (
				72C622C92B9B28ED00D31163 /* Protocols */,
				72C622AB2B9AFB8D00D31163 /* AppDelegate */,
				72C622AC2B9AFB9B00D31163 /* Controllers */,
				72C622C32B9B157B00D31163 /* CollectionViewCell */,
				72C622C62B9B16AA00D31163 /* Model */,
				72C622AD2B9AFC8300D31163 /* Resources */,
				72C622BA2B9AFE0D00D31163 /* Helpers */,
				72C622A22B9AFB6A00D31163 /* LaunchScreen.storyboard */,
				72C622A52B9AFB6A00D31163 /* Info.plist */,
			);
			path = 4hw8;
			sourceTree = "<group>";
		};
		72C622AB2B9AFB8D00D31163 /* AppDelegate */ = {
			isa = PBXGroup;
			children = (
				72C622972B9AFB6300D31163 /* AppDelegate.swift */,
				72C622992B9AFB6300D31163 /* SceneDelegate.swift */,
			);
			path = AppDelegate;
			sourceTree = "<group>";
		};
		72C622AC2B9AFB9B00D31163 /* Controllers */ = {
			isa = PBXGroup;
			children = (
				72C6229B2B9AFB6300D31163 /* WelcomeViewController.swift */,
				72C622BD2B9B03C800D31163 /* LogInViewController.swift */,
				72C622BF2B9B03DF00D31163 /* SignUpViewController.swift */,
				72C622C12B9B12ED00D31163 /* MenuViewController.swift */,
			);
			path = Controllers;
			sourceTree = "<group>";
		};
		72C622AD2B9AFC8300D31163 /* Resources */ = {
			isa = PBXGroup;
			children = (
				72C622A02B9AFB6A00D31163 /* Assets.xcassets */,
				72C622AE2B9AFC8A00D31163 /* Color */,
				72C622B32B9AFCEA00D31163 /* Fonts */,
			);
			path = Resources;
			sourceTree = "<group>";
		};
		72C622AE2B9AFC8A00D31163 /* Color */ = {
			isa = PBXGroup;
			children = (
				72C622AF2B9AFCB600D31163 /* Color.swift */,
			);
			path = Color;
			sourceTree = "<group>";
		};
		72C622B32B9AFCEA00D31163 /* Fonts */ = {
			isa = PBXGroup;
			children = (
				72C622B52B9AFD3700D31163 /* Poppins-Regular.ttf */,
				72C622B82B9AFD4000D31163 /* Poppins-ExtraLight.ttf */,
				72C622B42B9AFD3700D31163 /* Poppins-SemiBold.ttf */,
				72C622B12B9AFCD700D31163 /* Fonts.swift */,
			);
			path = Fonts;
			sourceTree = "<group>";
		};
		72C622BA2B9AFE0D00D31163 /* Helpers */ = {
			isa = PBXGroup;
			children = (
				72C622BB2B9AFE2700D31163 /* MakerView.swift */,
			);
			path = Helpers;
			sourceTree = "<group>";
		};
		72C622C32B9B157B00D31163 /* CollectionViewCell */ = {
			isa = PBXGroup;
			children = (
				72C622C42B9B15AA00D31163 /* VerticalCollectionViewCell.swift */,
			);
			path = CollectionViewCell;
			sourceTree = "<group>";
		};
		72C622C62B9B16AA00D31163 /* Model */ = {
			isa = PBXGroup;
			children = (
				72C622C72B9B16BC00D31163 /* Model.swift */,
			);
			path = Model;
			sourceTree = "<group>";
		};
		72C622C92B9B28ED00D31163 /* Protocols */ = {
			isa = PBXGroup;
			children = (
				72C622CA2B9B290000D31163 /* ValidateProtocol.swift */,
			);
			path = Protocols;
			sourceTree = "<group>";
		};
/* End PBXGroup section */

/* Begin PBXNativeTarget section */
		72C622932B9AFB6300D31163 /* 4hw8 */ = {
			isa = PBXNativeTarget;
			buildConfigurationList = 72C622A82B9AFB6A00D31163 /* Build configuration list for PBXNativeTarget "4hw8" */;
			buildPhases = (
				72C622902B9AFB6300D31163 /* Sources */,
				72C622912B9AFB6300D31163 /* Frameworks */,
				72C622922B9AFB6300D31163 /* Resources */,
			);
			buildRules = (
			);
			dependencies = (
			);
			name = 4hw8;
			productName = 4hw8;
			productReference = 72C622942B9AFB6300D31163 /* 4hw8.app */;
			productType = "com.apple.product-type.application";
		};
/* End PBXNativeTarget section */

/* Begin PBXProject section */
		72C6228C2B9AFB6300D31163 /* Project object */ = {
			isa = PBXProject;
			attributes = {
				BuildIndependentTargetsInParallel = 1;
				LastSwiftUpdateCheck = 1520;
				LastUpgradeCheck = 1520;
				TargetAttributes = {
					72C622932B9AFB6300D31163 = {
						CreatedOnToolsVersion = 15.2;
					};
				};
			};
			buildConfigurationList = 72C6228F2B9AFB6300D31163 /* Build configuration list for PBXProject "4hw8" */;
			compatibilityVersion = "Xcode 14.0";
			developmentRegion = en;
			hasScannedForEncodings = 0;
			knownRegions = (
				en,
				Base,
			);
			mainGroup = 72C6228B2B9AFB6300D31163;
			productRefGroup = 72C622952B9AFB6300D31163 /* Products */;
			projectDirPath = "";
			projectRoot = "";
			targets = (
				72C622932B9AFB6300D31163 /* 4hw8 */,
			);
		};
/* End PBXProject section */

/* Begin PBXResourcesBuildPhase section */
		72C622922B9AFB6300D31163 /* Resources */ = {
			isa = PBXResourcesBuildPhase;
			buildActionMask = 2147483647;
			files = (
				72C622B92B9AFD4000D31163 /* Poppins-ExtraLight.ttf in Resources */,
				72C622B62B9AFD3700D31163 /* Poppins-SemiBold.ttf in Resources */,
				72C622A42B9AFB6A00D31163 /* LaunchScreen.storyboard in Resources */,
				72C622A12B9AFB6A00D31163 /* Assets.xcassets in Resources */,
				72C622B72B9AFD3700D31163 /* Poppins-Regular.ttf in Resources */,
			);
			runOnlyForDeploymentPostprocessing = 0;
		};
/* End PBXResourcesBuildPhase section */

/* Begin PBXSourcesBuildPhase section */
		72C622902B9AFB6300D31163 /* Sources */ = {
			isa = PBXSourcesBuildPhase;
			buildActionMask = 2147483647;
			files = (
				72C6229C2B9AFB6300D31163 /* WelcomeViewController.swift in Sources */,
				72C622BC2B9AFE2800D31163 /* MakerView.swift in Sources */,
				72C622C02B9B03DF00D31163 /* SignUpViewController.swift in Sources */,
				72C622B02B9AFCB600D31163 /* Color.swift in Sources */,
				72C622C52B9B15AA00D31163 /* VerticalCollectionViewCell.swift in Sources */,
				72C622CB2B9B290000D31163 /* ValidateProtocol.swift in Sources */,
				72C622C22B9B12ED00D31163 /* MenuViewController.swift in Sources */,
				72C622BE2B9B03C800D31163 /* LogInViewController.swift in Sources */,
				72C622B22B9AFCD700D31163 /* Fonts.swift in Sources */,
				72C622C82B9B16BC00D31163 /* Model.swift in Sources */,
				72C622982B9AFB6300D31163 /* AppDelegate.swift in Sources */,
				72C6229A2B9AFB6300D31163 /* SceneDelegate.swift in Sources */,
			);
			runOnlyForDeploymentPostprocessing = 0;
		};
/* End PBXSourcesBuildPhase section */

/* Begin PBXVariantGroup section */
		72C622A22B9AFB6A00D31163 /* LaunchScreen.storyboard */ = {
			isa = PBXVariantGroup;
			children = (
				72C622A32B9AFB6A00D31163 /* Base */,
			);
			name = LaunchScreen.storyboard;
			sourceTree = "<group>";
		};
/* End PBXVariantGroup section */

/* Begin XCBuildConfiguration section */
		72C622A62B9AFB6A00D31163 /* Debug */ = {
			isa = XCBuildConfiguration;
			buildSettings = {
				ALWAYS_SEARCH_USER_PATHS = NO;
				ASSETCATALOG_COMPILER_GENERATE_SWIFT_ASSET_SYMBOL_EXTENSIONS = YES;
				CLANG_ANALYZER_NONNULL = YES;
				CLANG_ANALYZER_NUMBER_OBJECT_CONVERSION = YES_AGGRESSIVE;
				CLANG_CXX_LANGUAGE_STANDARD = "gnu++20";
				CLANG_ENABLE_MODULES = YES;
				CLANG_ENABLE_OBJC_ARC = YES;
				CLANG_ENABLE_OBJC_WEAK = YES;
				CLANG_WARN_BLOCK_CAPTURE_AUTORELEASING = YES;
				CLANG_WARN_BOOL_CONVERSION = YES;
				CLANG_WARN_COMMA = YES;
				CLANG_WARN_CONSTANT_CONVERSION = YES;
				CLANG_WARN_DEPRECATED_OBJC_IMPLEMENTATIONS = YES;
				CLANG_WARN_DIRECT_OBJC_ISA_USAGE = YES_ERROR;
				CLANG_WARN_DOCUMENTATION_COMMENTS = YES;
				CLANG_WARN_EMPTY_BODY = YES;
				CLANG_WARN_ENUM_CONVERSION = YES;
				CLANG_WARN_INFINITE_RECURSION = YES;
				CLANG_WARN_INT_CONVERSION = YES;
				CLANG_WARN_NON_LITERAL_NULL_CONVERSION = YES;
				CLANG_WARN_OBJC_IMPLICIT_RETAIN_SELF = YES;
				CLANG_WARN_OBJC_LITERAL_CONVERSION = YES;
				CLANG_WARN_OBJC_ROOT_CLASS = YES_ERROR;
				CLANG_WARN_QUOTED_INCLUDE_IN_FRAMEWORK_HEADER = YES;
				CLANG_WARN_RANGE_LOOP_ANALYSIS = YES;
				CLANG_WARN_STRICT_PROTOTYPES = YES;
				CLANG_WARN_SUSPICIOUS_MOVE = YES;
				CLANG_WARN_UNGUARDED_AVAILABILITY = YES_AGGRESSIVE;
				CLANG_WARN_UNREACHABLE_CODE = YES;
				CLANG_WARN__DUPLICATE_METHOD_MATCH = YES;
				COPY_PHASE_STRIP = NO;
				DEBUG_INFORMATION_FORMAT = dwarf;
				ENABLE_STRICT_OBJC_MSGSEND = YES;
				ENABLE_TESTABILITY = YES;
				ENABLE_USER_SCRIPT_SANDBOXING = YES;
				GCC_C_LANGUAGE_STANDARD = gnu17;
				GCC_DYNAMIC_NO_PIC = NO;
				GCC_NO_COMMON_BLOCKS = YES;
				GCC_OPTIMIZATION_LEVEL = 0;
				GCC_PREPROCESSOR_DEFINITIONS = (
					"DEBUG=1",
					"$(inherited)",
				);
				GCC_WARN_64_TO_32_BIT_CONVERSION = YES;
				GCC_WARN_ABOUT_RETURN_TYPE = YES_ERROR;
				GCC_WARN_UNDECLARED_SELECTOR = YES;
				GCC_WARN_UNINITIALIZED_AUTOS = YES_AGGRESSIVE;
				GCC_WARN_UNUSED_FUNCTION = YES;
				GCC_WARN_UNUSED_VARIABLE = YES;
				IPHONEOS_DEPLOYMENT_TARGET = 17.2;
				LOCALIZATION_PREFERS_STRING_CATALOGS = YES;
				MTL_ENABLE_DEBUG_INFO = INCLUDE_SOURCE;
				MTL_FAST_MATH = YES;
				ONLY_ACTIVE_ARCH = YES;
				SDKROOT = iphoneos;
				SWIFT_ACTIVE_COMPILATION_CONDITIONS = "DEBUG $(inherited)";
				SWIFT_OPTIMIZATION_LEVEL = "-Onone";
			};
			name = Debug;
		};
		72C622A72B9AFB6A00D31163 /* Release */ = {
			isa = XCBuildConfiguration;
			buildSettings = {
				ALWAYS_SEARCH_USER_PATHS = NO;
				ASSETCATALOG_COMPILER_GENERATE_SWIFT_ASSET_SYMBOL_EXTENSIONS = YES;
				CLANG_ANALYZER_NONNULL = YES;
				CLANG_ANALYZER_NUMBER_OBJECT_CONVERSION = YES_AGGRESSIVE;
				CLANG_CXX_LANGUAGE_STANDARD = "gnu++20";
				CLANG_ENABLE_MODULES = YES;
				CLANG_ENABLE_OBJC_ARC = YES;
				CLANG_ENABLE_OBJC_WEAK = YES;
				CLANG_WARN_BLOCK_CAPTURE_AUTORELEASING = YES;
				CLANG_WARN_BOOL_CONVERSION = YES;
				CLANG_WARN_COMMA = YES;
				CLANG_WARN_CONSTANT_CONVERSION = YES;
				CLANG_WARN_DEPRECATED_OBJC_IMPLEMENTATIONS = YES;
				CLANG_WARN_DIRECT_OBJC_ISA_USAGE = YES_ERROR;
				CLANG_WARN_DOCUMENTATION_COMMENTS = YES;
				CLANG_WARN_EMPTY_BODY = YES;
				CLANG_WARN_ENUM_CONVERSION = YES;
				CLANG_WARN_INFINITE_RECURSION = YES;
				CLANG_WARN_INT_CONVERSION = YES;
				CLANG_WARN_NON_LITERAL_NULL_CONVERSION = YES;
				CLANG_WARN_OBJC_IMPLICIT_RETAIN_SELF = YES;
				CLANG_WARN_OBJC_LITERAL_CONVERSION = YES;
				CLANG_WARN_OBJC_ROOT_CLASS = YES_ERROR;
				CLANG_WARN_QUOTED_INCLUDE_IN_FRAMEWORK_HEADER = YES;
				CLANG_WARN_RANGE_LOOP_ANALYSIS = YES;
				CLANG_WARN_STRICT_PROTOTYPES = YES;
				CLANG_WARN_SUSPICIOUS_MOVE = YES;
				CLANG_WARN_UNGUARDED_AVAILABILITY = YES_AGGRESSIVE;
				CLANG_WARN_UNREACHABLE_CODE = YES;
				CLANG_WARN__DUPLICATE_METHOD_MATCH = YES;
				COPY_PHASE_STRIP = NO;
				DEBUG_INFORMATION_FORMAT = "dwarf-with-dsym";
				ENABLE_NS_ASSERTIONS = NO;
				ENABLE_STRICT_OBJC_MSGSEND = YES;
				ENABLE_USER_SCRIPT_SANDBOXING = YES;
				GCC_C_LANGUAGE_STANDARD = gnu17;
				GCC_NO_COMMON_BLOCKS = YES;
				GCC_WARN_64_TO_32_BIT_CONVERSION = YES;
				GCC_WARN_ABOUT_RETURN_TYPE = YES_ERROR;
				GCC_WARN_UNDECLARED_SELECTOR = YES;
				GCC_WARN_UNINITIALIZED_AUTOS = YES_AGGRESSIVE;
				GCC_WARN_UNUSED_FUNCTION = YES;
				GCC_WARN_UNUSED_VARIABLE = YES;
				IPHONEOS_DEPLOYMENT_TARGET = 17.2;
				LOCALIZATION_PREFERS_STRING_CATALOGS = YES;
				MTL_ENABLE_DEBUG_INFO = NO;
				MTL_FAST_MATH = YES;
				SDKROOT = iphoneos;
				SWIFT_COMPILATION_MODE = wholemodule;
				VALIDATE_PRODUCT = YES;
			};
			name = Release;
		};
		72C622A92B9AFB6A00D31163 /* Debug */ = {
			isa = XCBuildConfiguration;
			buildSettings = {
				ASSETCATALOG_COMPILER_APPICON_NAME = AppIcon;
				ASSETCATALOG_COMPILER_GLOBAL_ACCENT_COLOR_NAME = AccentColor;
				CODE_SIGN_STYLE = Automatic;
				CURRENT_PROJECT_VERSION = 1;
				DEVELOPMENT_TEAM = 2VCHNMLR8N;
				GENERATE_INFOPLIST_FILE = YES;
				INFOPLIST_FILE = 4hw8/Info.plist;
				INFOPLIST_KEY_UIApplicationSupportsIndirectInputEvents = YES;
				INFOPLIST_KEY_UILaunchStoryboardName = LaunchScreen;
				INFOPLIST_KEY_UISupportedInterfaceOrientations_iPad = "UIInterfaceOrientationPortrait UIInterfaceOrientationPortraitUpsideDown UIInterfaceOrientationLandscapeLeft UIInterfaceOrientationLandscapeRight";
				INFOPLIST_KEY_UISupportedInterfaceOrientations_iPhone = "UIInterfaceOrientationPortrait UIInterfaceOrientationLandscapeLeft UIInterfaceOrientationLandscapeRight";
				LD_RUNPATH_SEARCH_PATHS = (
					"$(inherited)",
					"@executable_path/Frameworks",
				);
				MARKETING_VERSION = 1.0;
				PRODUCT_BUNDLE_IDENTIFIER = "com.telegey.-hw8";
				PRODUCT_NAME = "$(TARGET_NAME)";
				SWIFT_EMIT_LOC_STRINGS = YES;
				SWIFT_VERSION = 5.0;
				TARGETED_DEVICE_FAMILY = "1,2";
			};
			name = Debug;
		};
		72C622AA2B9AFB6A00D31163 /* Release */ = {
			isa = XCBuildConfiguration;
			buildSettings = {
				ASSETCATALOG_COMPILER_APPICON_NAME = AppIcon;
				ASSETCATALOG_COMPILER_GLOBAL_ACCENT_COLOR_NAME = AccentColor;
				CODE_SIGN_STYLE = Automatic;
				CURRENT_PROJECT_VERSION = 1;
				DEVELOPMENT_TEAM = 2VCHNMLR8N;
				GENERATE_INFOPLIST_FILE = YES;
				INFOPLIST_FILE = 4hw8/Info.plist;
				INFOPLIST_KEY_UIApplicationSupportsIndirectInputEvents = YES;
				INFOPLIST_KEY_UILaunchStoryboardName = LaunchScreen;
				INFOPLIST_KEY_UISupportedInterfaceOrientations_iPad = "UIInterfaceOrientationPortrait UIInterfaceOrientationPortraitUpsideDown UIInterfaceOrientationLandscapeLeft UIInterfaceOrientationLandscapeRight";
				INFOPLIST_KEY_UISupportedInterfaceOrientations_iPhone = "UIInterfaceOrientationPortrait UIInterfaceOrientationLandscapeLeft UIInterfaceOrientationLandscapeRight";
				LD_RUNPATH_SEARCH_PATHS = (
					"$(inherited)",
					"@executable_path/Frameworks",
				);
				MARKETING_VERSION = 1.0;
				PRODUCT_BUNDLE_IDENTIFIER = "com.telegey.-hw8";
				PRODUCT_NAME = "$(TARGET_NAME)";
				SWIFT_EMIT_LOC_STRINGS = YES;
				SWIFT_VERSION = 5.0;
				TARGETED_DEVICE_FAMILY = "1,2";
			};
			name = Release;
		};
/* End XCBuildConfiguration section */

/* Begin XCConfigurationList section */
		72C6228F2B9AFB6300D31163 /* Build configuration list for PBXProject "4hw8" */ = {
			isa = XCConfigurationList;
			buildConfigurations = (
				72C622A62B9AFB6A00D31163 /* Debug */,
				72C622A72B9AFB6A00D31163 /* Release */,
			);
			defaultConfigurationIsVisible = 0;
			defaultConfigurationName = Release;
		};
		72C622A82B9AFB6A00D31163 /* Build configuration list for PBXNativeTarget "4hw8" */ = {
			isa = XCConfigurationList;
			buildConfigurations = (
				72C622A92B9AFB6A00D31163 /* Debug */,
				72C622AA2B9AFB6A00D31163 /* Release */,
			);
			defaultConfigurationIsVisible = 0;
			defaultConfigurationName = Release;
		};
/* End XCConfigurationList section */
	};
	rootObject = 72C6228C2B9AFB6300D31163 /* Project object */;
}
